
Microsoft Visual Studio Solution File, Format Version 12.00
Project("{FAE04EC0-301F-11D3-BF4B-00C04F79EFBC}") = "Day1", "Day1\Day1.csproj", "{32E3B407-F795-4385-8DD1-3BFF540AB03A}"
EndProject
Project("{FAE04EC0-301F-11D3-BF4B-00C04F79EFBC}") = "Day2", "Day2\Day2.csproj", "{6FE6847F-6ACC-43F1-916F-2B40220CCDE1}"
EndProject
Project("{FAE04EC0-301F-11D3-BF4B-00C04F79EFBC}") = "Day3", "Day3\Day3.csproj", "{DD137634-5690-4916-AFE7-529622E5672C}"
EndProject
Project("{FAE04EC0-301F-11D3-BF4B-00C04F79EFBC}") = "Day4", "Day4\Day4.csproj", "{728EDAC4-9BA0-4FD2-8D53-CA312211E0AD}"
EndProject
Project("{FAE04EC0-301F-11D3-BF4B-00C04F79EFBC}") = "Day5", "Day5\Day5.csproj", "{52B57D3F-2ABB-4BE1-8A18-59FC88549CA7}"
EndProject
Project("{FAE04EC0-301F-11D3-BF4B-00C04F79EFBC}") = "Day6", "Day6\Day6.csproj", "{3E8B87FE-86E7-453E-8554-318EEA1D874E}"
EndProject
Global
	GlobalSection(SolutionConfigurationPlatforms) = preSolution
		Debug|Any CPU = Debug|Any CPU
		Release|Any CPU = Release|Any CPU
	EndGlobalSection
	GlobalSection(ProjectConfigurationPlatforms) = postSolution
		{32E3B407-F795-4385-8DD1-3BFF540AB03A}.Debug|Any CPU.ActiveCfg = Debug|Any CPU
		{32E3B407-F795-4385-8DD1-3BFF540AB03A}.Debug|Any CPU.Build.0 = Debug|Any CPU
		{32E3B407-F795-4385-8DD1-3BFF540AB03A}.Release|Any CPU.ActiveCfg = Release|Any CPU
		{32E3B407-F795-4385-8DD1-3BFF540AB03A}.Release|Any CPU.Build.0 = Release|Any CPU
		{6FE6847F-6ACC-43F1-916F-2B40220CCDE1}.Debug|Any CPU.ActiveCfg = Debug|Any CPU
		{6FE6847F-6ACC-43F1-916F-2B40220CCDE1}.Debug|Any CPU.Build.0 = Debug|Any CPU
		{6FE6847F-6ACC-43F1-916F-2B40220CCDE1}.Release|Any CPU.ActiveCfg = Release|Any CPU
		{6FE6847F-6ACC-43F1-916F-2B40220CCDE1}.Release|Any CPU.Build.0 = Release|Any CPU
		{DD137634-5690-4916-AFE7-529622E5672C}.Debug|Any CPU.ActiveCfg = Debug|Any CPU
		{DD137634-5690-4916-AFE7-529622E5672C}.Debug|Any CPU.Build.0 = Debug|Any CPU
		{DD137634-5690-4916-AFE7-529622E5672C}.Release|Any CPU.ActiveCfg = Release|Any CPU
		{DD137634-5690-4916-AFE7-529622E5672C}.Release|Any CPU.Build.0 = Release|Any CPU
		{728EDAC4-9BA0-4FD2-8D53-CA312211E0AD}.Debug|Any CPU.ActiveCfg = Debug|Any CPU
		{728EDAC4-9BA0-4FD2-8D53-CA312211E0AD}.Debug|Any CPU.Build.0 = Debug|Any CPU
		{728EDAC4-9BA0-4FD2-8D53-CA312211E0AD}.Release|Any CPU.ActiveCfg = Release|Any CPU
		{728EDAC4-9BA0-4FD2-8D53-CA312211E0AD}.Release|Any CPU.Build.0 = Release|Any CPU
		{52B57D3F-2ABB-4BE1-8A18-59FC88549CA7}.Debug|Any CPU.ActiveCfg = Debug|Any CPU
		{52B57D3F-2ABB-4BE1-8A18-59FC88549CA7}.Debug|Any CPU.Build.0 = Debug|Any CPU
		{52B57D3F-2ABB-4BE1-8A18-59FC88549CA7}.Release|Any CPU.ActiveCfg = Release|Any CPU
		{52B57D3F-2ABB-4BE1-8A18-59FC88549CA7}.Release|Any CPU.Build.0 = Release|Any CPU
		{3E8B87FE-86E7-453E-8554-318EEA1D874E}.Debug|Any CPU.ActiveCfg = Debug|Any CPU
		{3E8B87FE-86E7-453E-8554-318EEA1D874E}.Debug|Any CPU.Build.0 = Debug|Any CPU
		{3E8B87FE-86E7-453E-8554-318EEA1D874E}.Release|Any CPU.ActiveCfg = Release|Any CPU
		{3E8B87FE-86E7-453E-8554-318EEA1D874E}.Release|Any CPU.Build.0 = Release|Any CPU
	EndGlobalSection
EndGlobal
